# This file is automatically @generated by Poetry 1.8.2 and should not be changed by hand.

[[package]]
name = "evdev"
version = "1.7.0"
description = "Bindings to the Linux input handling subsystem"
optional = false
python-versions = ">=3.6"
files = [
    {file = "evdev-1.7.0.tar.gz", hash = "sha256:95bd2a1e0c6ce2cd7a2ecc6e6cd9736ff794b3ad5cb54d81d8cbc2e414d0b870"},
]

[[package]]
name = "pyhotkey"
version = "1.5.0"
description = "A cross-platform hotkey module."
optional = false
python-versions = "*"
files = [
    {file = "PyHotKey-1.5.0-py3-none-any.whl", hash = "sha256:6ef5a38298df85f84fde6ad3277bd207fba635dea3547185afbcbb91ef9755b1"},
    {file = "PyHotKey-1.5.0.tar.gz", hash = "sha256:a502b4d127d652ea089d39c447e313cf895cdc08fbafdf21a2cbc1d3cb0ff4a1"},
]

[package.dependencies]
pynput = "1.7.6"

[[package]]
name = "pynput"
version = "1.7.6"
description = "Monitor and control user input devices"
optional = false
python-versions = "*"
files = [
    {file = "pynput-1.7.6-py2.py3-none-any.whl", hash = "sha256:19861b2a0c430d646489852f89500e0c9332e295f2c020e7c2775e7046aa2e2f"},
    {file = "pynput-1.7.6.tar.gz", hash = "sha256:3a5726546da54116b687785d38b1db56997ce1d28e53e8d22fc656d8b92e533c"},
]

[package.dependencies]
evdev = {version = ">=1.3", markers = "sys_platform in \"linux\""}
pyobjc-framework-ApplicationServices = {version = ">=8.0", markers = "sys_platform == \"darwin\""}
pyobjc-framework-Quartz = {version = ">=8.0", markers = "sys_platform == \"darwin\""}
python-xlib = {version = ">=0.17", markers = "sys_platform in \"linux\""}
six = "*"

[[package]]
name = "pyobjc-core"
version = "10.2"
description = "Python<->ObjC Interoperability Module"
optional = false
python-versions = ">=3.8"
files = [
    {file = "pyobjc-core-10.2.tar.gz", hash = "sha256:0153206e15d0e0d7abd53ee8a7fbaf5606602a032e177a028fc8589516a8771c"},
    {file = "pyobjc_core-10.2-cp310-cp310-macosx_10_9_universal2.whl", hash = "sha256:b8eab50ce7f17017a0f1d68c3b7e88bb1bb033415fdff62b8e0a9ee4ab72f242"},
    {file = "pyobjc_core-10.2-cp311-cp311-macosx_10_9_universal2.whl", hash = "sha256:f2115971463073426ab926416e17e5c16de5b90d1a1f2a2d8724637eb1c21308"},
    {file = "pyobjc_core-10.2-cp312-cp312-macosx_10_9_universal2.whl", hash = "sha256:a70546246177c23acb323c9324330e37638f1a0a3d13664abcba3bb75e43012c"},
    {file = "pyobjc_core-10.2-cp38-cp38-macosx_10_9_x86_64.whl", hash = "sha256:a9b5a215080d13bd7526031d21d5eb27a410780878d863f486053a0eba7ca9a5"},
    {file = "pyobjc_core-10.2-cp38-cp38-macosx_11_0_universal2.whl", hash = "sha256:eb1ab700a44bcc4ceb125091dfaae0b998b767b49990df5fdc83eb58158d8e3f"},
    {file = "pyobjc_core-10.2-cp39-cp39-macosx_10_9_universal2.whl", hash = "sha256:c9a7163aff9c47d654f835f80361c1b112886ec754800d34e75d1e02ff52c3d7"},
]

[[package]]
name = "pyobjc-framework-applicationservices"
version = "10.2"
description = "Wrappers for the framework ApplicationServices on macOS"
optional = false
python-versions = ">=3.8"
files = [
    {file = "pyobjc-framework-ApplicationServices-10.2.tar.gz", hash = "sha256:f83d6ed3320afb6648be6defafe0f05bac00d0281fc84ee4766ff977309b659f"},
    {file = "pyobjc_framework_ApplicationServices-10.2-cp310-cp310-macosx_10_9_universal2.whl", hash = "sha256:2aebfed888f9bcb4f11d93f9ef9a76d561e92848dcb6011da5d5e9d3593371be"},
    {file = "pyobjc_framework_ApplicationServices-10.2-cp311-cp311-macosx_10_9_universal2.whl", hash = "sha256:edfd3153e64ee9573bcff7ccaa1fbbbd6964658f187464c461ad34f24552bc85"},
    {file = "pyobjc_framework_ApplicationServices-10.2-cp312-cp312-macosx_10_9_universal2.whl", hash = "sha256:9d2c89b246c19a041221ff36e9121c92e86a4422016f809a40f5ce3d647882d9"},
    {file = "pyobjc_framework_ApplicationServices-10.2-cp38-cp38-macosx_10_9_x86_64.whl", hash = "sha256:ee1e69947f31aad5fdec44921ce37f7f921faf50a0ceb27ed40b6d54f4b15d0e"},
    {file = "pyobjc_framework_ApplicationServices-10.2-cp38-cp38-macosx_11_0_universal2.whl", hash = "sha256:101f5b09d71e55bd39e6e91f0787433805d422622336b72fde969a7c54528045"},
    {file = "pyobjc_framework_ApplicationServices-10.2-cp39-cp39-macosx_10_9_universal2.whl", hash = "sha256:7a3ef00c9aea09c5ef5840b8749d0753249869bc30e124145b763cd0b4b81155"},
]

[package.dependencies]
pyobjc-core = ">=10.2"
pyobjc-framework-Cocoa = ">=10.2"
pyobjc-framework-CoreText = ">=10.2"
pyobjc-framework-Quartz = ">=10.2"

[[package]]
name = "pyobjc-framework-cocoa"
version = "10.2"
description = "Wrappers for the Cocoa frameworks on macOS"
optional = false
python-versions = ">=3.8"
files = [
    {file = "pyobjc-framework-Cocoa-10.2.tar.gz", hash = "sha256:6383141379636b13855dca1b39c032752862b829f93a49d7ddb35046abfdc035"},
    {file = "pyobjc_framework_Cocoa-10.2-cp310-cp310-macosx_10_9_universal2.whl", hash = "sha256:f9227b4f271fda2250f5a88cbc686ff30ae02c0f923bb7854bb47972397496b2"},
    {file = "pyobjc_framework_Cocoa-10.2-cp311-cp311-macosx_10_9_universal2.whl", hash = "sha256:6a6042b7703bdc33b7491959c715c1e810a3f8c7a560c94b36e00ef321480797"},
    {file = "pyobjc_framework_Cocoa-10.2-cp312-cp312-macosx_10_9_universal2.whl", hash = "sha256:18886d5013cd7dc7ecd6e0df5134c767569b5247fc10a5e293c72ee3937b217b"},
    {file = "pyobjc_framework_Cocoa-10.2-cp38-cp38-macosx_10_9_x86_64.whl", hash = "sha256:1ecf01400ee698d2e0ff4c907bcf9608d9d710e97203fbb97b37d208507a9362"},
    {file = "pyobjc_framework_Cocoa-10.2-cp38-cp38-macosx_11_0_universal2.whl", hash = "sha256:0def036a7b24e3ae37a244c77bec96b7c9c8384bf6bb4d33369f0a0c8807a70d"},
    {file = "pyobjc_framework_Cocoa-10.2-cp39-cp39-macosx_10_9_universal2.whl", hash = "sha256:5f47ecc393bc1019c4b47e8653207188df784ac006ad54d8c2eb528906ff7013"},
]

[package.dependencies]
pyobjc-core = ">=10.2"

[[package]]
name = "pyobjc-framework-coretext"
version = "10.2"
description = "Wrappers for the framework CoreText on macOS"
optional = false
python-versions = ">=3.8"
files = [
    {file = "pyobjc-framework-CoreText-10.2.tar.gz", hash = "sha256:59ef8ca8d88bb53ce9980dda0b8094daa3e2dabe355847365ba965ff0b49f961"},
    {file = "pyobjc_framework_CoreText-10.2-cp310-cp310-macosx_10_9_universal2.whl", hash = "sha256:44052f752f42b62d342fa8aced5d1b8928831e70830eccddc594726d40500d5c"},
    {file = "pyobjc_framework_CoreText-10.2-cp311-cp311-macosx_10_9_universal2.whl", hash = "sha256:0bc278f509a3fd3eea89124d81e77de11af10167c0df0d0cc15a369f060465a0"},
    {file = "pyobjc_framework_CoreText-10.2-cp312-cp312-macosx_10_9_universal2.whl", hash = "sha256:7b819119dc859e49c0ce9040ae09d6a3bd66658003793f486ef5a21e46a2d34f"},
    {file = "pyobjc_framework_CoreText-10.2-cp38-cp38-macosx_10_9_x86_64.whl", hash = "sha256:2719c57ff08af6e4fdcddd0fa5eda56113808a1690c3325f1c6926740817f9a1"},
    {file = "pyobjc_framework_CoreText-10.2-cp38-cp38-macosx_11_0_universal2.whl", hash = "sha256:8239ce92f9496587a60fc1bfd4994136832bad99405bb45572f92d960cbe746e"},
    {file = "pyobjc_framework_CoreText-10.2-cp39-cp39-macosx_10_9_universal2.whl", hash = "sha256:80a1d207fcdb2999841daa430c83d760ac1a3f2f65c605949fc5ff789425b1f6"},
]

[package.dependencies]
pyobjc-core = ">=10.2"
pyobjc-framework-Cocoa = ">=10.2"
pyobjc-framework-Quartz = ">=10.2"

[[package]]
name = "pyobjc-framework-quartz"
version = "10.2"
description = "Wrappers for the Quartz frameworks on macOS"
optional = false
python-versions = ">=3.8"
files = [
    {file = "pyobjc-framework-Quartz-10.2.tar.gz", hash = "sha256:9b947e081f5bd6cd01c99ab5d62c36500d2d6e8d3b87421c1cbb7f9c885555eb"},
    {file = "pyobjc_framework_Quartz-10.2-cp310-cp310-macosx_10_9_universal2.whl", hash = "sha256:bc0ab739259a717d9d13a739434991b54eb8963ad7c27f9f6d04d68531fb479b"},
    {file = "pyobjc_framework_Quartz-10.2-cp311-cp311-macosx_10_9_universal2.whl", hash = "sha256:2a74d00e933c1e1a1820839323dc5cf252bee8bb98e2a298d961f7ae7905ce71"},
    {file = "pyobjc_framework_Quartz-10.2-cp312-cp312-macosx_10_9_universal2.whl", hash = "sha256:3e8e33246d966c2bd7f5ee2cf3b431582fa434a6ec2b6dbe580045ebf1f55be5"},
    {file = "pyobjc_framework_Quartz-10.2-cp38-cp38-macosx_10_9_x86_64.whl", hash = "sha256:c6ca490eff1be0dd8dc7726edde79c97e21ec1afcf55f75962a79e27b4eb2961"},
    {file = "pyobjc_framework_Quartz-10.2-cp38-cp38-macosx_11_0_universal2.whl", hash = "sha256:d3d54d9fa50de09ee8994248151def58f30b4738eb20755b0bdd5ee1e1f5883d"},
    {file = "pyobjc_framework_Quartz-10.2-cp39-cp39-macosx_10_9_universal2.whl", hash = "sha256:520c8031b2389110f80070b078dde1968caaecb10921f8070046c26132ac9286"},
]

[package.dependencies]
pyobjc-core = ">=10.2"
pyobjc-framework-Cocoa = ">=10.2"

[[package]]
name = "pyside6"
version = "6.7.0"
description = "Python bindings for the Qt cross-platform application and UI framework"
optional = false
python-versions = "<3.13,>=3.9"
files = [
    {file = "PySide6-6.7.0-cp39-abi3-macosx_11_0_universal2.whl", hash = "sha256:4e2f4ddb1d342ffd12558101c30095338da0db34c203e0d17de03e45c7762286"},
    {file = "PySide6-6.7.0-cp39-abi3-manylinux_2_28_x86_64.whl", hash = "sha256:64d6b5751f8d04aedc5e8ea53ddc6613b392919056511a988b790fd3a00f7d01"},
    {file = "PySide6-6.7.0-cp39-abi3-manylinux_2_31_aarch64.whl", hash = "sha256:edc541e37dcf41626a30e82bcdb061592a45424c0558f26523ac5140ec34b448"},
    {file = "PySide6-6.7.0-cp39-abi3-win_amd64.whl", hash = "sha256:190fb017b7f144b375f1a06b518b1241a78c15e7a073708a255d229687bc905a"},
]

[package.dependencies]
PySide6-Addons = "6.7.0"
PySide6-Essentials = "6.7.0"
shiboken6 = "6.7.0"

[[package]]
name = "pyside6-addons"
version = "6.7.0"
description = "Python bindings for the Qt cross-platform application and UI framework (Addons)"
optional = false
python-versions = "<3.13,>=3.9"
files = [
    {file = "PySide6_Addons-6.7.0-cp39-abi3-macosx_11_0_universal2.whl", hash = "sha256:a87645f0f2dcb2ebe4035ae53ccf329fe503ed394c9f0830de3bfc7205c14f63"},
    {file = "PySide6_Addons-6.7.0-cp39-abi3-manylinux_2_28_x86_64.whl", hash = "sha256:888df2a916f1d59984e2f351e7d5850da0a04103e39501eb7d6a9b150e7431e6"},
    {file = "PySide6_Addons-6.7.0-cp39-abi3-manylinux_2_31_aarch64.whl", hash = "sha256:0716410d3591c144be2fda3a6443fe13a7a88b4d91b45b05fd955782ac19613d"},
    {file = "PySide6_Addons-6.7.0-cp39-abi3-win_amd64.whl", hash = "sha256:d1712336b33b5a5784bbce4c9b1af984057ff1dc4fafbaf241c090ee9bc3788d"},
]

[package.dependencies]
PySide6-Essentials = "6.7.0"
shiboken6 = "6.7.0"

[[package]]
name = "pyside6-essentials"
version = "6.7.0"
description = "Python bindings for the Qt cross-platform application and UI framework (Essentials)"
optional = false
python-versions = "<3.13,>=3.9"
files = [
    {file = "PySide6_Essentials-6.7.0-cp39-abi3-macosx_11_0_universal2.whl", hash = "sha256:d229dae03b1825cc93deac785898b71576957d9fb97b1007897f30604ca5ecd1"},
    {file = "PySide6_Essentials-6.7.0-cp39-abi3-manylinux_2_28_x86_64.whl", hash = "sha256:e013238fe40596b804068e34ac173514943a41bf8e5fbb4edfc7c30b00431bd5"},
    {file = "PySide6_Essentials-6.7.0-cp39-abi3-manylinux_2_31_aarch64.whl", hash = "sha256:412db37d56982c1ad1e6536daaefe760177a9ab897ae147b926a7d6c8befcdd4"},
    {file = "PySide6_Essentials-6.7.0-cp39-abi3-win_amd64.whl", hash = "sha256:8489bd692380f79455955101194bfcf0cd6444825a1ef198907b4de1f976d8b4"},
]

[package.dependencies]
shiboken6 = "6.7.0"

[[package]]
name = "python-xlib"
version = "0.33"
description = "Python X Library"
optional = false
python-versions = "*"
files = [
    {file = "python-xlib-0.33.tar.gz", hash = "sha256:55af7906a2c75ce6cb280a584776080602444f75815a7aff4d287bb2d7018b32"},
    {file = "python_xlib-0.33-py2.py3-none-any.whl", hash = "sha256:c3534038d42e0df2f1392a1b30a15a4ff5fdc2b86cfa94f072bf11b10a164398"},
]

[package.dependencies]
six = ">=1.10.0"

[[package]]
name = "shiboken6"
version = "6.7.0"
description = "Python/C++ bindings helper module"
optional = false
python-versions = "<3.13,>=3.9"
files = [
    {file = "shiboken6-6.7.0-cp39-abi3-macosx_11_0_universal2.whl", hash = "sha256:32c53afea91a3c9f85b1908e50a1f96974e4d78bc63ee8dafa346fc0707a9786"},
    {file = "shiboken6-6.7.0-cp39-abi3-manylinux_2_28_x86_64.whl", hash = "sha256:7887ba7ecfddb09ee9966325c1e229a17f3f444b0257b77cb7838792287d3e05"},
    {file = "shiboken6-6.7.0-cp39-abi3-manylinux_2_31_aarch64.whl", hash = "sha256:5ac384f4f4c0bc5bdd7e6b9b1d36798c063107943a122ea6d123947321bcf315"},
    {file = "shiboken6-6.7.0-cp39-abi3-win_amd64.whl", hash = "sha256:1a65d4c046454ee78a2ce4d6c7268846a3bdff31f59d88638b9383f62938f4b8"},
]

[[package]]
name = "six"
version = "1.16.0"
description = "Python 2 and 3 compatibility utilities"
optional = false
python-versions = ">=2.7, !=3.0.*, !=3.1.*, !=3.2.*"
files = [
    {file = "six-1.16.0-py2.py3-none-any.whl", hash = "sha256:8abb2f1d86890a2dfb989f9a77cfcfd3e47c2a354b01111771326f8aa26e0254"},
    {file = "six-1.16.0.tar.gz", hash = "sha256:1e61c37477a1626458e36f7b1d82aa5c9b094fa4802892072e49de9c60c4c926"},
]

[[package]]
name = "toml"
version = "0.10.2"
description = "Python Library for Tom's Obvious, Minimal Language"
optional = false
python-versions = ">=2.6, !=3.0.*, !=3.1.*, !=3.2.*"
files = [
    {file = "toml-0.10.2-py2.py3-none-any.whl", hash = "sha256:806143ae5bfb6a3c6e736a764057db0e6a0e05e338b5630894a5f779cabb4f9b"},
    {file = "toml-0.10.2.tar.gz", hash = "sha256:b3bda1d108d5dd99f4a20d24d9c348e91c4db7ab1b749200bded2f839ccbe68f"},
]

[metadata]
lock-version = "2.0"
python-versions = ">=3.11,<3.13"
content-hash = "b3d9099c7a8887b3db17b99efba7efada1158ba42b433ea7fa4a19799d451d68"
